
Microsoft Visual Studio Solution File, Format Version 12.00
# Visual Studio Version 16
VisualStudioVersion = 16.0.32602.291
MinimumVisualStudioVersion = 10.0.40219.1
Project("{FAE04EC0-301F-11D3-BF4B-00C04F79EFBC}") = "PartnerMan", "PartnerMan\PartnerMan.csproj", "{6F0448D0-E22D-4A3C-9931-D55F09D1F323}"
EndProject
Global
	GlobalSection(SolutionConfigurationPlatforms) = preSolution
		Debug|Any CPU = Debug|Any CPU
		Release|Any CPU = Release|Any CPU
	EndGlobalSection
	GlobalSection(ProjectConfigurationPlatforms) = postSolution
		{6F0448D0-E22D-4A3C-9931-D55F09D1F323}.Debug|Any CPU.ActiveCfg = Debug|Any CPU
		{6F0448D0-E22D-4A3C-9931-D55F09D1F323}.Debug|Any CPU.Build.0 = Debug|Any CPU
		{6F0448D0-E22D-4A3C-9931-D55F09D1F323}.Release|Any CPU.ActiveCfg = Release|Any CPU
		{6F0448D0-E22D-4A3C-9931-D55F09D1F323}.Release|Any CPU.Build.0 = Release|Any CPU
	EndGlobalSection
	GlobalSection(SolutionProperties) = preSolution
		HideSolutionNode = FALSE
	EndGlobalSection
	GlobalSection(ExtensibilityGlobals) = postSolution
		SolutionGuid = {281CE030-9128-470C-B441-7BE63A04147E}
	EndGlobalSection
EndGlobal
